// !$*UTF8*$!
{
	archiveVersion = 1;
	classes = {
	};
	objectVersion = 55;
	objects = {

/* Begin PBXBuildFile section */
		5E78B00E2942B80200185C89 /* makefile in Sources */ = {isa = PBXBuildFile; fileRef = 5E78B00D2942B80200185C89 /* makefile */; };
		5ECD9CFE29425CE7001E4CF1 /* main.c in Sources */ = {isa = PBXBuildFile; fileRef = 5ECD9CFA29425CE7001E4CF1 /* main.c */; };
		5ECD9CFF29425CE7001E4CF1 /* test_utils.c in Sources */ = {isa = PBXBuildFile; fileRef = 5ECD9CFC29425CE7001E4CF1 /* test_utils.c */; };
		5ECD9D0029425CE7001E4CF1 /* quick_sort.c in Sources */ = {isa = PBXBuildFile; fileRef = 5ECD9CFD29425CE7001E4CF1 /* quick_sort.c */; };
/* End PBXBuildFile section */

/* Begin PBXCopyFilesBuildPhase section */
		5ECD9CEE29425CBE001E4CF1 /* CopyFiles */ = {
			isa = PBXCopyFilesBuildPhase;
			buildActionMask = 2147483647;
			dstPath = /usr/share/man/man1/;
			dstSubfolderSpec = 0;
			files = (
			);
			runOnlyForDeploymentPostprocessing = 1;
		};
/* End PBXCopyFilesBuildPhase section */

/* Begin PBXFileReference section */
		5E78B00D2942B80200185C89 /* makefile */ = {isa = PBXFileReference; lastKnownFileType = sourcecode.make; path = makefile; sourceTree = "<group>"; };
		5E78B00F2942B81200185C89 /* makefile_sources */ = {isa = PBXFileReference; lastKnownFileType = text; path = makefile_sources; sourceTree = "<group>"; };
		5ECD9CF029425CBE001E4CF1 /* TEA3_TriRapide */ = {isa = PBXFileReference; explicitFileType = "compiled.mach-o.executable"; includeInIndex = 0; path = TEA3_TriRapide; sourceTree = BUILT_PRODUCTS_DIR; };
		5ECD9CFA29425CE7001E4CF1 /* main.c */ = {isa = PBXFileReference; fileEncoding = 4; lastKnownFileType = sourcecode.c.c; name = main.c; path = "../../../../Downloads/S3_corriges (1)/ex7/main.c"; sourceTree = "<group>"; };
		5ECD9CFB29425CE7001E4CF1 /* test_utils.h */ = {isa = PBXFileReference; fileEncoding = 4; lastKnownFileType = sourcecode.c.h; path = test_utils.h; sourceTree = "<group>"; };
		5ECD9CFC29425CE7001E4CF1 /* test_utils.c */ = {isa = PBXFileReference; fileEncoding = 4; lastKnownFileType = sourcecode.c.c; path = test_utils.c; sourceTree = "<group>"; };
		5ECD9CFD29425CE7001E4CF1 /* quick_sort.c */ = {isa = PBXFileReference; fileEncoding = 4; lastKnownFileType = sourcecode.c.c; path = quick_sort.c; sourceTree = "<group>"; };
		5ECD9D0129425D0C001E4CF1 /* include */ = {isa = PBXFileReference; lastKnownFileType = folder; path = include; sourceTree = "<group>"; };
/* End PBXFileReference section */

/* Begin PBXFrameworksBuildPhase section */
		5ECD9CED29425CBE001E4CF1 /* Frameworks */ = {
			isa = PBXFrameworksBuildPhase;
			buildActionMask = 2147483647;
			files = (
			);
			runOnlyForDeploymentPostprocessing = 0;
		};
/* End PBXFrameworksBuildPhase section */

/* Begin PBXGroup section */
		5ECD9CE729425CBE001E4CF1 = {
			isa = PBXGroup;
			children = (
				5ECD9CF229425CBE001E4CF1 /* TEA3_TriRapide */,
				5ECD9CF129425CBE001E4CF1 /* Products */,
			);
			sourceTree = "<group>";
		};
		5ECD9CF129425CBE001E4CF1 /* Products */ = {
			isa = PBXGroup;
			children = (
				5ECD9CF029425CBE001E4CF1 /* TEA3_TriRapide */,
			);
			name = Products;
			sourceTree = "<group>";
		};
		5ECD9CF229425CBE001E4CF1 /* TEA3_TriRapide */ = {
			isa = PBXGroup;
			children = (
				5ECD9D0129425D0C001E4CF1 /* include */,
				5ECD9CFA29425CE7001E4CF1 /* main.c */,
				5ECD9CFD29425CE7001E4CF1 /* quick_sort.c */,
				5E78B00D2942B80200185C89 /* makefile */,
				5E78B00F2942B81200185C89 /* makefile_sources */,
				5ECD9CFC29425CE7001E4CF1 /* test_utils.c */,
				5ECD9CFB29425CE7001E4CF1 /* test_utils.h */,
			);
			path = TEA3_TriRapide;
			sourceTree = "<group>";
		};
/* End PBXGroup section */

/* Begin PBXNativeTarget section */
		5ECD9CEF29425CBE001E4CF1 /* TEA3_TriRapide */ = {
			isa = PBXNativeTarget;
			buildConfigurationList = 5ECD9CF729425CBE001E4CF1 /* Build configuration list for PBXNativeTarget "TEA3_TriRapide" */;
			buildPhases = (
				5ECD9CEC29425CBE001E4CF1 /* Sources */,
				5ECD9CED29425CBE001E4CF1 /* Frameworks */,
				5ECD9CEE29425CBE001E4CF1 /* CopyFiles */,
			);
			buildRules = (
			);
			dependencies = (
			);
			name = TEA3_TriRapide;
			productName = TEA3_TriRapide;
			productReference = 5ECD9CF029425CBE001E4CF1 /* TEA3_TriRapide */;
			productType = "com.apple.product-type.tool";
		};
/* End PBXNativeTarget section */

/* Begin PBXProject section */
		5ECD9CE829425CBE001E4CF1 /* Project object */ = {
			isa = PBXProject;
			attributes = {
				BuildIndependentTargetsInParallel = 1;
				LastUpgradeCheck = 1340;
				TargetAttributes = {
					5ECD9CEF29425CBE001E4CF1 = {
						CreatedOnToolsVersion = 13.4.1;
					};
				};
			};
			buildConfigurationList = 5ECD9CEB29425CBE001E4CF1 /* Build configuration list for PBXProject "TEA3_TriRapide" */;
			compatibilityVersion = "Xcode 13.0";
			developmentRegion = en;
			hasScannedForEncodings = 0;
			knownRegions = (
				en,
				Base,
			);
			mainGroup = 5ECD9CE729425CBE001E4CF1;
			productRefGroup = 5ECD9CF129425CBE001E4CF1 /* Products */;
			projectDirPath = "";
			projectRoot = "";
			targets = (
				5ECD9CEF29425CBE001E4CF1 /* TEA3_TriRapide */,
			);
		};
/* End PBXProject section */

/* Begin PBXSourcesBuildPhase section */
		5ECD9CEC29425CBE001E4CF1 /* Sources */ = {
			isa = PBXSourcesBuildPhase;
			buildActionMask = 2147483647;
			files = (
				5ECD9CFE29425CE7001E4CF1 /* main.c in Sources */,
				5ECD9D0029425CE7001E4CF1 /* quick_sort.c in Sources */,
				5E78B00E2942B80200185C89 /* makefile in Sources */,
				5ECD9CFF29425CE7001E4CF1 /* test_utils.c in Sources */,
			);
			runOnlyForDeploymentPostprocessing = 0;
		};
/* End PBXSourcesBuildPhase section */

/* Begin XCBuildConfiguration section */
		5ECD9CF529425CBE001E4CF1 /* Debug */ = {
			isa = XCBuildConfiguration;
			buildSettings = {
				ALWAYS_SEARCH_USER_PATHS = NO;
				CLANG_ANALYZER_NONNULL = YES;
				CLANG_ANALYZER_NUMBER_OBJECT_CONVERSION = YES_AGGRESSIVE;
				CLANG_CXX_LANGUAGE_STANDARD = "gnu++17";
				CLANG_ENABLE_MODULES = YES;
				CLANG_ENABLE_OBJC_ARC = YES;
				CLANG_ENABLE_OBJC_WEAK = YES;
				CLANG_WARN_BLOCK_CAPTURE_AUTORELEASING = YES;
				CLANG_WARN_BOOL_CONVERSION = YES;
				CLANG_WARN_COMMA = YES;
				CLANG_WARN_CONSTANT_CONVERSION = YES;
				CLANG_WARN_DEPRECATED_OBJC_IMPLEMENTATIONS = YES;
				CLANG_WARN_DIRECT_OBJC_ISA_USAGE = YES_ERROR;
				CLANG_WARN_DOCUMENTATION_COMMENTS = YES;
				CLANG_WARN_EMPTY_BODY = YES;
				CLANG_WARN_ENUM_CONVERSION = YES;
				CLANG_WARN_INFINITE_RECURSION = YES;
				CLANG_WARN_INT_CONVERSION = YES;
				CLANG_WARN_NON_LITERAL_NULL_CONVERSION = YES;
				CLANG_WARN_OBJC_IMPLICIT_RETAIN_SELF = YES;
				CLANG_WARN_OBJC_LITERAL_CONVERSION = YES;
				CLANG_WARN_OBJC_ROOT_CLASS = YES_ERROR;
				CLANG_WARN_QUOTED_INCLUDE_IN_FRAMEWORK_HEADER = YES;
				CLANG_WARN_RANGE_LOOP_ANALYSIS = YES;
				CLANG_WARN_STRICT_PROTOTYPES = YES;
				CLANG_WARN_SUSPICIOUS_MOVE = YES;
				CLANG_WARN_UNGUARDED_AVAILABILITY = YES_AGGRESSIVE;
				CLANG_WARN_UNREACHABLE_CODE = YES;
				CLANG_WARN__DUPLICATE_METHOD_MATCH = YES;
				COPY_PHASE_STRIP = NO;
				DEBUG_INFORMATION_FORMAT = dwarf;
				ENABLE_STRICT_OBJC_MSGSEND = YES;
				ENABLE_TESTABILITY = YES;
				GCC_C_LANGUAGE_STANDARD = gnu11;
				GCC_DYNAMIC_NO_PIC = NO;
				GCC_NO_COMMON_BLOCKS = YES;
				GCC_OPTIMIZATION_LEVEL = 0;
				GCC_PREPROCESSOR_DEFINITIONS = (
					"DEBUG=1",
					"$(inherited)",
				);
				GCC_WARN_64_TO_32_BIT_CONVERSION = YES;
				GCC_WARN_ABOUT_RETURN_TYPE = YES_ERROR;
				GCC_WARN_UNDECLARED_SELECTOR = YES;
				GCC_WARN_UNINITIALIZED_AUTOS = YES_AGGRESSIVE;
				GCC_WARN_UNUSED_FUNCTION = YES;
				GCC_WARN_UNUSED_VARIABLE = YES;
				MACOSX_DEPLOYMENT_TARGET = 12.3;
				MTL_ENABLE_DEBUG_INFO = INCLUDE_SOURCE;
				MTL_FAST_MATH = YES;
				ONLY_ACTIVE_ARCH = YES;
				SDKROOT = macosx;
			};
			name = Debug;
		};
		5ECD9CF629425CBE001E4CF1 /* Release */ = {
			isa = XCBuildConfiguration;
			buildSettings = {
				ALWAYS_SEARCH_USER_PATHS = NO;
				CLANG_ANALYZER_NONNULL = YES;
				CLANG_ANALYZER_NUMBER_OBJECT_CONVERSION = YES_AGGRESSIVE;
				CLANG_CXX_LANGUAGE_STANDARD = "gnu++17";
				CLANG_ENABLE_MODULES = YES;
				CLANG_ENABLE_OBJC_ARC = YES;
				CLANG_ENABLE_OBJC_WEAK = YES;
				CLANG_WARN_BLOCK_CAPTURE_AUTORELEASING = YES;
				CLANG_WARN_BOOL_CONVERSION = YES;
				CLANG_WARN_COMMA = YES;
				CLANG_WARN_CONSTANT_CONVERSION = YES;
				CLANG_WARN_DEPRECATED_OBJC_IMPLEMENTATIONS = YES;
				CLANG_WARN_DIRECT_OBJC_ISA_USAGE = YES_ERROR;
				CLANG_WARN_DOCUMENTATION_COMMENTS = YES;
				CLANG_WARN_EMPTY_BODY = YES;
				CLANG_WARN_ENUM_CONVERSION = YES;
				CLANG_WARN_INFINITE_RECURSION = YES;
				CLANG_WARN_INT_CONVERSION = YES;
				CLANG_WARN_NON_LITERAL_NULL_CONVERSION = YES;
				CLANG_WARN_OBJC_IMPLICIT_RETAIN_SELF = YES;
				CLANG_WARN_OBJC_LITERAL_CONVERSION = YES;
				CLANG_WARN_OBJC_ROOT_CLASS = YES_ERROR;
				CLANG_WARN_QUOTED_INCLUDE_IN_FRAMEWORK_HEADER = YES;
				CLANG_WARN_RANGE_LOOP_ANALYSIS = YES;
				CLANG_WARN_STRICT_PROTOTYPES = YES;
				CLANG_WARN_SUSPICIOUS_MOVE = YES;
				CLANG_WARN_UNGUARDED_AVAILABILITY = YES_AGGRESSIVE;
				CLANG_WARN_UNREACHABLE_CODE = YES;
				CLANG_WARN__DUPLICATE_METHOD_MATCH = YES;
				COPY_PHASE_STRIP = NO;
				DEBUG_INFORMATION_FORMAT = "dwarf-with-dsym";
				ENABLE_NS_ASSERTIONS = NO;
				ENABLE_STRICT_OBJC_MSGSEND = YES;
				GCC_C_LANGUAGE_STANDARD = gnu11;
				GCC_NO_COMMON_BLOCKS = YES;
				GCC_WARN_64_TO_32_BIT_CONVERSION = YES;
				GCC_WARN_ABOUT_RETURN_TYPE = YES_ERROR;
				GCC_WARN_UNDECLARED_SELECTOR = YES;
				GCC_WARN_UNINITIALIZED_AUTOS = YES_AGGRESSIVE;
				GCC_WARN_UNUSED_FUNCTION = YES;
				GCC_WARN_UNUSED_VARIABLE = YES;
				MACOSX_DEPLOYMENT_TARGET = 12.3;
				MTL_ENABLE_DEBUG_INFO = NO;
				MTL_FAST_MATH = YES;
				SDKROOT = macosx;
			};
			name = Release;
		};
		5ECD9CF829425CBE001E4CF1 /* Debug */ = {
			isa = XCBuildConfiguration;
			buildSettings = {
				CODE_SIGN_STYLE = Automatic;
				PRODUCT_NAME = "$(TARGET_NAME)";
			};
			name = Debug;
		};
		5ECD9CF929425CBE001E4CF1 /* Release */ = {
			isa = XCBuildConfiguration;
			buildSettings = {
				CODE_SIGN_STYLE = Automatic;
				PRODUCT_NAME = "$(TARGET_NAME)";
			};
			name = Release;
		};
/* End XCBuildConfiguration section */

/* Begin XCConfigurationList section */
		5ECD9CEB29425CBE001E4CF1 /* Build configuration list for PBXProject "TEA3_TriRapide" */ = {
			isa = XCConfigurationList;
			buildConfigurations = (
				5ECD9CF529425CBE001E4CF1 /* Debug */,
				5ECD9CF629425CBE001E4CF1 /* Release */,
			);
			defaultConfigurationIsVisible = 0;
			defaultConfigurationName = Release;
		};
		5ECD9CF729425CBE001E4CF1 /* Build configuration list for PBXNativeTarget "TEA3_TriRapide" */ = {
			isa = XCConfigurationList;
			buildConfigurations = (
				5ECD9CF829425CBE001E4CF1 /* Debug */,
				5ECD9CF929425CBE001E4CF1 /* Release */,
			);
			defaultConfigurationIsVisible = 0;
			defaultConfigurationName = Release;
		};
/* End XCConfigurationList section */
	};
	rootObject = 5ECD9CE829425CBE001E4CF1 /* Project object */;
}
