// !$*UTF8*$!
{
	archiveVersion = 1;
	classes = {
	};
	objectVersion = 55;
	objects = {

/* Begin PBXBuildFile section */
		5E78B0112942B87F00185C89 /* makefile in Sources */ = {isa = PBXBuildFile; fileRef = 5E78B0102942B87F00185C89 /* makefile */; };
		5EF03CBF2942940B005F0581 /* elt.c in Sources */ = {isa = PBXBuildFile; fileRef = 5EF03CB62942940A005F0581 /* elt.c */; };
		5EF03CC02942940B005F0581 /* test_utils.c in Sources */ = {isa = PBXBuildFile; fileRef = 5EF03CB82942940A005F0581 /* test_utils.c */; };
		5EF03CC12942940B005F0581 /* list_v2.c in Sources */ = {isa = PBXBuildFile; fileRef = 5EF03CBA2942940A005F0581 /* list_v2.c */; };
		5EF03CC22942940B005F0581 /* fusion_sort_list.c in Sources */ = {isa = PBXBuildFile; fileRef = 5EF03CBB2942940A005F0581 /* fusion_sort_list.c */; };
		5EF03CC429429447005F0581 /* main.c in Sources */ = {isa = PBXBuildFile; fileRef = 5EF03CC329429447005F0581 /* main.c */; };
/* End PBXBuildFile section */

/* Begin PBXCopyFilesBuildPhase section */
		5EF03CA9294293F1005F0581 /* CopyFiles */ = {
			isa = PBXCopyFilesBuildPhase;
			buildActionMask = 2147483647;
			dstPath = /usr/share/man/man1/;
			dstSubfolderSpec = 0;
			files = (
			);
			runOnlyForDeploymentPostprocessing = 1;
		};
/* End PBXCopyFilesBuildPhase section */

/* Begin PBXFileReference section */
		5E78B0102942B87F00185C89 /* makefile */ = {isa = PBXFileReference; lastKnownFileType = sourcecode.make; path = makefile; sourceTree = "<group>"; };
		5E78B0122942B88D00185C89 /* makefile_sources */ = {isa = PBXFileReference; lastKnownFileType = text; path = makefile_sources; sourceTree = "<group>"; };
		5EF03CAB294293F1005F0581 /* TEA3_TriFusionListe */ = {isa = PBXFileReference; explicitFileType = "compiled.mach-o.executable"; includeInIndex = 0; path = TEA3_TriFusionListe; sourceTree = BUILT_PRODUCTS_DIR; };
		5EF03CB62942940A005F0581 /* elt.c */ = {isa = PBXFileReference; fileEncoding = 4; lastKnownFileType = sourcecode.c.c; path = elt.c; sourceTree = "<group>"; };
		5EF03CB72942940A005F0581 /* elt.h */ = {isa = PBXFileReference; fileEncoding = 4; lastKnownFileType = sourcecode.c.h; path = elt.h; sourceTree = "<group>"; };
		5EF03CB82942940A005F0581 /* test_utils.c */ = {isa = PBXFileReference; fileEncoding = 4; lastKnownFileType = sourcecode.c.c; path = test_utils.c; sourceTree = "<group>"; };
		5EF03CB92942940A005F0581 /* test_utils.h */ = {isa = PBXFileReference; fileEncoding = 4; lastKnownFileType = sourcecode.c.h; path = test_utils.h; sourceTree = "<group>"; };
		5EF03CBA2942940A005F0581 /* list_v2.c */ = {isa = PBXFileReference; fileEncoding = 4; lastKnownFileType = sourcecode.c.c; path = list_v2.c; sourceTree = "<group>"; };
		5EF03CBB2942940A005F0581 /* fusion_sort_list.c */ = {isa = PBXFileReference; fileEncoding = 4; lastKnownFileType = sourcecode.c.c; path = fusion_sort_list.c; sourceTree = "<group>"; };
		5EF03CBC2942940B005F0581 /* include */ = {isa = PBXFileReference; lastKnownFileType = folder; path = include; sourceTree = "<group>"; };
		5EF03CBD2942940B005F0581 /* list_v2.h */ = {isa = PBXFileReference; fileEncoding = 4; lastKnownFileType = sourcecode.c.h; path = list_v2.h; sourceTree = "<group>"; };
		5EF03CC329429447005F0581 /* main.c */ = {isa = PBXFileReference; fileEncoding = 4; lastKnownFileType = sourcecode.c.c; name = main.c; path = "../../../../Library/Mobile Documents/com~apple~CloudDocs/.Trash/TEA3_TriFusionListe/main.c"; sourceTree = "<group>"; };
/* End PBXFileReference section */

/* Begin PBXFrameworksBuildPhase section */
		5EF03CA8294293F1005F0581 /* Frameworks */ = {
			isa = PBXFrameworksBuildPhase;
			buildActionMask = 2147483647;
			files = (
			);
			runOnlyForDeploymentPostprocessing = 0;
		};
/* End PBXFrameworksBuildPhase section */

/* Begin PBXGroup section */
		5EF03CA2294293F1005F0581 = {
			isa = PBXGroup;
			children = (
				5EF03CAD294293F1005F0581 /* TEA3_TriFusionListe */,
				5EF03CAC294293F1005F0581 /* Products */,
			);
			sourceTree = "<group>";
		};
		5EF03CAC294293F1005F0581 /* Products */ = {
			isa = PBXGroup;
			children = (
				5EF03CAB294293F1005F0581 /* TEA3_TriFusionListe */,
			);
			name = Products;
			sourceTree = "<group>";
		};
		5EF03CAD294293F1005F0581 /* TEA3_TriFusionListe */ = {
			isa = PBXGroup;
			children = (
				5EF03CB62942940A005F0581 /* elt.c */,
				5EF03CB72942940A005F0581 /* elt.h */,
				5EF03CBB2942940A005F0581 /* fusion_sort_list.c */,
				5EF03CBC2942940B005F0581 /* include */,
				5EF03CBA2942940A005F0581 /* list_v2.c */,
				5EF03CBD2942940B005F0581 /* list_v2.h */,
				5EF03CB82942940A005F0581 /* test_utils.c */,
				5EF03CB92942940A005F0581 /* test_utils.h */,
				5EF03CC329429447005F0581 /* main.c */,
				5E78B0102942B87F00185C89 /* makefile */,
				5E78B0122942B88D00185C89 /* makefile_sources */,
			);
			path = TEA3_TriFusionListe;
			sourceTree = "<group>";
		};
/* End PBXGroup section */

/* Begin PBXNativeTarget section */
		5EF03CAA294293F1005F0581 /* TEA3_TriFusionListe */ = {
			isa = PBXNativeTarget;
			buildConfigurationList = 5EF03CB2294293F1005F0581 /* Build configuration list for PBXNativeTarget "TEA3_TriFusionListe" */;
			buildPhases = (
				5EF03CA7294293F1005F0581 /* Sources */,
				5EF03CA8294293F1005F0581 /* Frameworks */,
				5EF03CA9294293F1005F0581 /* CopyFiles */,
			);
			buildRules = (
			);
			dependencies = (
			);
			name = TEA3_TriFusionListe;
			productName = TEA3_TriFusionListe;
			productReference = 5EF03CAB294293F1005F0581 /* TEA3_TriFusionListe */;
			productType = "com.apple.product-type.tool";
		};
/* End PBXNativeTarget section */

/* Begin PBXProject section */
		5EF03CA3294293F1005F0581 /* Project object */ = {
			isa = PBXProject;
			attributes = {
				BuildIndependentTargetsInParallel = 1;
				LastUpgradeCheck = 1340;
				TargetAttributes = {
					5EF03CAA294293F1005F0581 = {
						CreatedOnToolsVersion = 13.4.1;
					};
				};
			};
			buildConfigurationList = 5EF03CA6294293F1005F0581 /* Build configuration list for PBXProject "TEA3_TriFusionListe" */;
			compatibilityVersion = "Xcode 13.0";
			developmentRegion = en;
			hasScannedForEncodings = 0;
			knownRegions = (
				en,
				Base,
			);
			mainGroup = 5EF03CA2294293F1005F0581;
			productRefGroup = 5EF03CAC294293F1005F0581 /* Products */;
			projectDirPath = "";
			projectRoot = "";
			targets = (
				5EF03CAA294293F1005F0581 /* TEA3_TriFusionListe */,
			);
		};
/* End PBXProject section */

/* Begin PBXSourcesBuildPhase section */
		5EF03CA7294293F1005F0581 /* Sources */ = {
			isa = PBXSourcesBuildPhase;
			buildActionMask = 2147483647;
			files = (
				5EF03CC12942940B005F0581 /* list_v2.c in Sources */,
				5EF03CBF2942940B005F0581 /* elt.c in Sources */,
				5E78B0112942B87F00185C89 /* makefile in Sources */,
				5EF03CC429429447005F0581 /* main.c in Sources */,
				5EF03CC02942940B005F0581 /* test_utils.c in Sources */,
				5EF03CC22942940B005F0581 /* fusion_sort_list.c in Sources */,
			);
			runOnlyForDeploymentPostprocessing = 0;
		};
/* End PBXSourcesBuildPhase section */

/* Begin XCBuildConfiguration section */
		5EF03CB0294293F1005F0581 /* Debug */ = {
			isa = XCBuildConfiguration;
			buildSettings = {
				ALWAYS_SEARCH_USER_PATHS = NO;
				CLANG_ANALYZER_NONNULL = YES;
				CLANG_ANALYZER_NUMBER_OBJECT_CONVERSION = YES_AGGRESSIVE;
				CLANG_CXX_LANGUAGE_STANDARD = "gnu++17";
				CLANG_ENABLE_MODULES = YES;
				CLANG_ENABLE_OBJC_ARC = YES;
				CLANG_ENABLE_OBJC_WEAK = YES;
				CLANG_WARN_BLOCK_CAPTURE_AUTORELEASING = YES;
				CLANG_WARN_BOOL_CONVERSION = YES;
				CLANG_WARN_COMMA = YES;
				CLANG_WARN_CONSTANT_CONVERSION = YES;
				CLANG_WARN_DEPRECATED_OBJC_IMPLEMENTATIONS = YES;
				CLANG_WARN_DIRECT_OBJC_ISA_USAGE = YES_ERROR;
				CLANG_WARN_DOCUMENTATION_COMMENTS = YES;
				CLANG_WARN_EMPTY_BODY = YES;
				CLANG_WARN_ENUM_CONVERSION = YES;
				CLANG_WARN_INFINITE_RECURSION = YES;
				CLANG_WARN_INT_CONVERSION = YES;
				CLANG_WARN_NON_LITERAL_NULL_CONVERSION = YES;
				CLANG_WARN_OBJC_IMPLICIT_RETAIN_SELF = YES;
				CLANG_WARN_OBJC_LITERAL_CONVERSION = YES;
				CLANG_WARN_OBJC_ROOT_CLASS = YES_ERROR;
				CLANG_WARN_QUOTED_INCLUDE_IN_FRAMEWORK_HEADER = YES;
				CLANG_WARN_RANGE_LOOP_ANALYSIS = YES;
				CLANG_WARN_STRICT_PROTOTYPES = YES;
				CLANG_WARN_SUSPICIOUS_MOVE = YES;
				CLANG_WARN_UNGUARDED_AVAILABILITY = YES_AGGRESSIVE;
				CLANG_WARN_UNREACHABLE_CODE = YES;
				CLANG_WARN__DUPLICATE_METHOD_MATCH = YES;
				COPY_PHASE_STRIP = NO;
				DEBUG_INFORMATION_FORMAT = dwarf;
				ENABLE_STRICT_OBJC_MSGSEND = YES;
				ENABLE_TESTABILITY = YES;
				GCC_C_LANGUAGE_STANDARD = gnu11;
				GCC_DYNAMIC_NO_PIC = NO;
				GCC_NO_COMMON_BLOCKS = YES;
				GCC_OPTIMIZATION_LEVEL = 0;
				GCC_PREPROCESSOR_DEFINITIONS = (
					"DEBUG=1",
					"$(inherited)",
				);
				GCC_WARN_64_TO_32_BIT_CONVERSION = YES;
				GCC_WARN_ABOUT_RETURN_TYPE = YES_ERROR;
				GCC_WARN_UNDECLARED_SELECTOR = YES;
				GCC_WARN_UNINITIALIZED_AUTOS = YES_AGGRESSIVE;
				GCC_WARN_UNUSED_FUNCTION = YES;
				GCC_WARN_UNUSED_VARIABLE = YES;
				MACOSX_DEPLOYMENT_TARGET = 12.3;
				MTL_ENABLE_DEBUG_INFO = INCLUDE_SOURCE;
				MTL_FAST_MATH = YES;
				ONLY_ACTIVE_ARCH = YES;
				SDKROOT = macosx;
			};
			name = Debug;
		};
		5EF03CB1294293F1005F0581 /* Release */ = {
			isa = XCBuildConfiguration;
			buildSettings = {
				ALWAYS_SEARCH_USER_PATHS = NO;
				CLANG_ANALYZER_NONNULL = YES;
				CLANG_ANALYZER_NUMBER_OBJECT_CONVERSION = YES_AGGRESSIVE;
				CLANG_CXX_LANGUAGE_STANDARD = "gnu++17";
				CLANG_ENABLE_MODULES = YES;
				CLANG_ENABLE_OBJC_ARC = YES;
				CLANG_ENABLE_OBJC_WEAK = YES;
				CLANG_WARN_BLOCK_CAPTURE_AUTORELEASING = YES;
				CLANG_WARN_BOOL_CONVERSION = YES;
				CLANG_WARN_COMMA = YES;
				CLANG_WARN_CONSTANT_CONVERSION = YES;
				CLANG_WARN_DEPRECATED_OBJC_IMPLEMENTATIONS = YES;
				CLANG_WARN_DIRECT_OBJC_ISA_USAGE = YES_ERROR;
				CLANG_WARN_DOCUMENTATION_COMMENTS = YES;
				CLANG_WARN_EMPTY_BODY = YES;
				CLANG_WARN_ENUM_CONVERSION = YES;
				CLANG_WARN_INFINITE_RECURSION = YES;
				CLANG_WARN_INT_CONVERSION = YES;
				CLANG_WARN_NON_LITERAL_NULL_CONVERSION = YES;
				CLANG_WARN_OBJC_IMPLICIT_RETAIN_SELF = YES;
				CLANG_WARN_OBJC_LITERAL_CONVERSION = YES;
				CLANG_WARN_OBJC_ROOT_CLASS = YES_ERROR;
				CLANG_WARN_QUOTED_INCLUDE_IN_FRAMEWORK_HEADER = YES;
				CLANG_WARN_RANGE_LOOP_ANALYSIS = YES;
				CLANG_WARN_STRICT_PROTOTYPES = YES;
				CLANG_WARN_SUSPICIOUS_MOVE = YES;
				CLANG_WARN_UNGUARDED_AVAILABILITY = YES_AGGRESSIVE;
				CLANG_WARN_UNREACHABLE_CODE = YES;
				CLANG_WARN__DUPLICATE_METHOD_MATCH = YES;
				COPY_PHASE_STRIP = NO;
				DEBUG_INFORMATION_FORMAT = "dwarf-with-dsym";
				ENABLE_NS_ASSERTIONS = NO;
				ENABLE_STRICT_OBJC_MSGSEND = YES;
				GCC_C_LANGUAGE_STANDARD = gnu11;
				GCC_NO_COMMON_BLOCKS = YES;
				GCC_WARN_64_TO_32_BIT_CONVERSION = YES;
				GCC_WARN_ABOUT_RETURN_TYPE = YES_ERROR;
				GCC_WARN_UNDECLARED_SELECTOR = YES;
				GCC_WARN_UNINITIALIZED_AUTOS = YES_AGGRESSIVE;
				GCC_WARN_UNUSED_FUNCTION = YES;
				GCC_WARN_UNUSED_VARIABLE = YES;
				MACOSX_DEPLOYMENT_TARGET = 12.3;
				MTL_ENABLE_DEBUG_INFO = NO;
				MTL_FAST_MATH = YES;
				SDKROOT = macosx;
			};
			name = Release;
		};
		5EF03CB3294293F1005F0581 /* Debug */ = {
			isa = XCBuildConfiguration;
			buildSettings = {
				CODE_SIGN_STYLE = Automatic;
				PRODUCT_NAME = "$(TARGET_NAME)";
			};
			name = Debug;
		};
		5EF03CB4294293F1005F0581 /* Release */ = {
			isa = XCBuildConfiguration;
			buildSettings = {
				CODE_SIGN_STYLE = Automatic;
				PRODUCT_NAME = "$(TARGET_NAME)";
			};
			name = Release;
		};
/* End XCBuildConfiguration section */

/* Begin XCConfigurationList section */
		5EF03CA6294293F1005F0581 /* Build configuration list for PBXProject "TEA3_TriFusionListe" */ = {
			isa = XCConfigurationList;
			buildConfigurations = (
				5EF03CB0294293F1005F0581 /* Debug */,
				5EF03CB1294293F1005F0581 /* Release */,
			);
			defaultConfigurationIsVisible = 0;
			defaultConfigurationName = Release;
		};
		5EF03CB2294293F1005F0581 /* Build configuration list for PBXNativeTarget "TEA3_TriFusionListe" */ = {
			isa = XCConfigurationList;
			buildConfigurations = (
				5EF03CB3294293F1005F0581 /* Debug */,
				5EF03CB4294293F1005F0581 /* Release */,
			);
			defaultConfigurationIsVisible = 0;
			defaultConfigurationName = Release;
		};
/* End XCConfigurationList section */
	};
	rootObject = 5EF03CA3294293F1005F0581 /* Project object */;
}
