// !$*UTF8*$!
{
	archiveVersion = 1;
	classes = {
	};
	objectVersion = 55;
	objects = {

/* Begin PBXBuildFile section */
		5E78B00B2942B7A800185C89 /* makefile in Sources */ = {isa = PBXBuildFile; fileRef = 5E78B00A2942B7A800185C89 /* makefile */; };
		5E7FFA6E29429518009A5CDB /* main.c in Sources */ = {isa = PBXBuildFile; fileRef = 5E7FFA6929429517009A5CDB /* main.c */; };
		5E7FFA6F29429518009A5CDB /* test_utils.c in Sources */ = {isa = PBXBuildFile; fileRef = 5E7FFA6C29429518009A5CDB /* test_utils.c */; };
		5E7FFA7029429518009A5CDB /* fusion_sort.c in Sources */ = {isa = PBXBuildFile; fileRef = 5E7FFA6D29429518009A5CDB /* fusion_sort.c */; };
/* End PBXBuildFile section */

/* Begin PBXCopyFilesBuildPhase section */
		5E7FFA5D294294F3009A5CDB /* CopyFiles */ = {
			isa = PBXCopyFilesBuildPhase;
			buildActionMask = 2147483647;
			dstPath = /usr/share/man/man1/;
			dstSubfolderSpec = 0;
			files = (
			);
			runOnlyForDeploymentPostprocessing = 1;
		};
/* End PBXCopyFilesBuildPhase section */

/* Begin PBXFileReference section */
		5E78B00A2942B7A800185C89 /* makefile */ = {isa = PBXFileReference; lastKnownFileType = sourcecode.make; path = makefile; sourceTree = "<group>"; };
		5E78B00C2942B7D200185C89 /* makefile_source */ = {isa = PBXFileReference; lastKnownFileType = text; path = makefile_source; sourceTree = "<group>"; };
		5E7FFA5F294294F3009A5CDB /* TEA3_TriFusion */ = {isa = PBXFileReference; explicitFileType = "compiled.mach-o.executable"; includeInIndex = 0; path = TEA3_TriFusion; sourceTree = BUILT_PRODUCTS_DIR; };
		5E7FFA6929429517009A5CDB /* main.c */ = {isa = PBXFileReference; fileEncoding = 4; lastKnownFileType = sourcecode.c.c; path = main.c; sourceTree = "<group>"; };
		5E7FFA6A29429518009A5CDB /* include */ = {isa = PBXFileReference; lastKnownFileType = folder; path = include; sourceTree = "<group>"; };
		5E7FFA6B29429518009A5CDB /* test_utils.h */ = {isa = PBXFileReference; fileEncoding = 4; lastKnownFileType = sourcecode.c.h; path = test_utils.h; sourceTree = "<group>"; };
		5E7FFA6C29429518009A5CDB /* test_utils.c */ = {isa = PBXFileReference; fileEncoding = 4; lastKnownFileType = sourcecode.c.c; path = test_utils.c; sourceTree = "<group>"; };
		5E7FFA6D29429518009A5CDB /* fusion_sort.c */ = {isa = PBXFileReference; fileEncoding = 4; lastKnownFileType = sourcecode.c.c; path = fusion_sort.c; sourceTree = "<group>"; };
/* End PBXFileReference section */

/* Begin PBXFrameworksBuildPhase section */
		5E7FFA5C294294F3009A5CDB /* Frameworks */ = {
			isa = PBXFrameworksBuildPhase;
			buildActionMask = 2147483647;
			files = (
			);
			runOnlyForDeploymentPostprocessing = 0;
		};
/* End PBXFrameworksBuildPhase section */

/* Begin PBXGroup section */
		5E7FFA56294294F3009A5CDB = {
			isa = PBXGroup;
			children = (
				5E7FFA61294294F3009A5CDB /* TEA3_TriFusion */,
				5E7FFA60294294F3009A5CDB /* Products */,
			);
			sourceTree = "<group>";
		};
		5E7FFA60294294F3009A5CDB /* Products */ = {
			isa = PBXGroup;
			children = (
				5E7FFA5F294294F3009A5CDB /* TEA3_TriFusion */,
			);
			name = Products;
			sourceTree = "<group>";
		};
		5E7FFA61294294F3009A5CDB /* TEA3_TriFusion */ = {
			isa = PBXGroup;
			children = (
				5E7FFA6D29429518009A5CDB /* fusion_sort.c */,
				5E78B00A2942B7A800185C89 /* makefile */,
				5E78B00C2942B7D200185C89 /* makefile_source */,
				5E7FFA6A29429518009A5CDB /* include */,
				5E7FFA6929429517009A5CDB /* main.c */,
				5E7FFA6C29429518009A5CDB /* test_utils.c */,
				5E7FFA6B29429518009A5CDB /* test_utils.h */,
			);
			path = TEA3_TriFusion;
			sourceTree = "<group>";
		};
/* End PBXGroup section */

/* Begin PBXNativeTarget section */
		5E7FFA5E294294F3009A5CDB /* TEA3_TriFusion */ = {
			isa = PBXNativeTarget;
			buildConfigurationList = 5E7FFA66294294F3009A5CDB /* Build configuration list for PBXNativeTarget "TEA3_TriFusion" */;
			buildPhases = (
				5E7FFA5B294294F3009A5CDB /* Sources */,
				5E7FFA5C294294F3009A5CDB /* Frameworks */,
				5E7FFA5D294294F3009A5CDB /* CopyFiles */,
			);
			buildRules = (
			);
			dependencies = (
			);
			name = TEA3_TriFusion;
			productName = TEA3_TriFusion;
			productReference = 5E7FFA5F294294F3009A5CDB /* TEA3_TriFusion */;
			productType = "com.apple.product-type.tool";
		};
/* End PBXNativeTarget section */

/* Begin PBXProject section */
		5E7FFA57294294F3009A5CDB /* Project object */ = {
			isa = PBXProject;
			attributes = {
				BuildIndependentTargetsInParallel = 1;
				LastUpgradeCheck = 1340;
				TargetAttributes = {
					5E7FFA5E294294F3009A5CDB = {
						CreatedOnToolsVersion = 13.4.1;
					};
				};
			};
			buildConfigurationList = 5E7FFA5A294294F3009A5CDB /* Build configuration list for PBXProject "TEA3_TriFusion" */;
			compatibilityVersion = "Xcode 13.0";
			developmentRegion = en;
			hasScannedForEncodings = 0;
			knownRegions = (
				en,
				Base,
			);
			mainGroup = 5E7FFA56294294F3009A5CDB;
			productRefGroup = 5E7FFA60294294F3009A5CDB /* Products */;
			projectDirPath = "";
			projectRoot = "";
			targets = (
				5E7FFA5E294294F3009A5CDB /* TEA3_TriFusion */,
			);
		};
/* End PBXProject section */

/* Begin PBXSourcesBuildPhase section */
		5E7FFA5B294294F3009A5CDB /* Sources */ = {
			isa = PBXSourcesBuildPhase;
			buildActionMask = 2147483647;
			files = (
				5E7FFA6E29429518009A5CDB /* main.c in Sources */,
				5E7FFA7029429518009A5CDB /* fusion_sort.c in Sources */,
				5E78B00B2942B7A800185C89 /* makefile in Sources */,
				5E7FFA6F29429518009A5CDB /* test_utils.c in Sources */,
			);
			runOnlyForDeploymentPostprocessing = 0;
		};
/* End PBXSourcesBuildPhase section */

/* Begin XCBuildConfiguration section */
		5E7FFA64294294F3009A5CDB /* Debug */ = {
			isa = XCBuildConfiguration;
			buildSettings = {
				ALWAYS_SEARCH_USER_PATHS = NO;
				CLANG_ANALYZER_NONNULL = YES;
				CLANG_ANALYZER_NUMBER_OBJECT_CONVERSION = YES_AGGRESSIVE;
				CLANG_CXX_LANGUAGE_STANDARD = "gnu++17";
				CLANG_ENABLE_MODULES = YES;
				CLANG_ENABLE_OBJC_ARC = YES;
				CLANG_ENABLE_OBJC_WEAK = YES;
				CLANG_WARN_BLOCK_CAPTURE_AUTORELEASING = YES;
				CLANG_WARN_BOOL_CONVERSION = YES;
				CLANG_WARN_COMMA = YES;
				CLANG_WARN_CONSTANT_CONVERSION = YES;
				CLANG_WARN_DEPRECATED_OBJC_IMPLEMENTATIONS = YES;
				CLANG_WARN_DIRECT_OBJC_ISA_USAGE = YES_ERROR;
				CLANG_WARN_DOCUMENTATION_COMMENTS = YES;
				CLANG_WARN_EMPTY_BODY = YES;
				CLANG_WARN_ENUM_CONVERSION = YES;
				CLANG_WARN_INFINITE_RECURSION = YES;
				CLANG_WARN_INT_CONVERSION = YES;
				CLANG_WARN_NON_LITERAL_NULL_CONVERSION = YES;
				CLANG_WARN_OBJC_IMPLICIT_RETAIN_SELF = YES;
				CLANG_WARN_OBJC_LITERAL_CONVERSION = YES;
				CLANG_WARN_OBJC_ROOT_CLASS = YES_ERROR;
				CLANG_WARN_QUOTED_INCLUDE_IN_FRAMEWORK_HEADER = YES;
				CLANG_WARN_RANGE_LOOP_ANALYSIS = YES;
				CLANG_WARN_STRICT_PROTOTYPES = YES;
				CLANG_WARN_SUSPICIOUS_MOVE = YES;
				CLANG_WARN_UNGUARDED_AVAILABILITY = YES_AGGRESSIVE;
				CLANG_WARN_UNREACHABLE_CODE = YES;
				CLANG_WARN__DUPLICATE_METHOD_MATCH = YES;
				COPY_PHASE_STRIP = NO;
				DEBUG_INFORMATION_FORMAT = dwarf;
				ENABLE_STRICT_OBJC_MSGSEND = YES;
				ENABLE_TESTABILITY = YES;
				GCC_C_LANGUAGE_STANDARD = gnu11;
				GCC_DYNAMIC_NO_PIC = NO;
				GCC_NO_COMMON_BLOCKS = YES;
				GCC_OPTIMIZATION_LEVEL = 0;
				GCC_PREPROCESSOR_DEFINITIONS = (
					"DEBUG=1",
					"$(inherited)",
				);
				GCC_WARN_64_TO_32_BIT_CONVERSION = YES;
				GCC_WARN_ABOUT_RETURN_TYPE = YES_ERROR;
				GCC_WARN_UNDECLARED_SELECTOR = YES;
				GCC_WARN_UNINITIALIZED_AUTOS = YES_AGGRESSIVE;
				GCC_WARN_UNUSED_FUNCTION = YES;
				GCC_WARN_UNUSED_VARIABLE = YES;
				MACOSX_DEPLOYMENT_TARGET = 12.3;
				MTL_ENABLE_DEBUG_INFO = INCLUDE_SOURCE;
				MTL_FAST_MATH = YES;
				ONLY_ACTIVE_ARCH = YES;
				SDKROOT = macosx;
			};
			name = Debug;
		};
		5E7FFA65294294F3009A5CDB /* Release */ = {
			isa = XCBuildConfiguration;
			buildSettings = {
				ALWAYS_SEARCH_USER_PATHS = NO;
				CLANG_ANALYZER_NONNULL = YES;
				CLANG_ANALYZER_NUMBER_OBJECT_CONVERSION = YES_AGGRESSIVE;
				CLANG_CXX_LANGUAGE_STANDARD = "gnu++17";
				CLANG_ENABLE_MODULES = YES;
				CLANG_ENABLE_OBJC_ARC = YES;
				CLANG_ENABLE_OBJC_WEAK = YES;
				CLANG_WARN_BLOCK_CAPTURE_AUTORELEASING = YES;
				CLANG_WARN_BOOL_CONVERSION = YES;
				CLANG_WARN_COMMA = YES;
				CLANG_WARN_CONSTANT_CONVERSION = YES;
				CLANG_WARN_DEPRECATED_OBJC_IMPLEMENTATIONS = YES;
				CLANG_WARN_DIRECT_OBJC_ISA_USAGE = YES_ERROR;
				CLANG_WARN_DOCUMENTATION_COMMENTS = YES;
				CLANG_WARN_EMPTY_BODY = YES;
				CLANG_WARN_ENUM_CONVERSION = YES;
				CLANG_WARN_INFINITE_RECURSION = YES;
				CLANG_WARN_INT_CONVERSION = YES;
				CLANG_WARN_NON_LITERAL_NULL_CONVERSION = YES;
				CLANG_WARN_OBJC_IMPLICIT_RETAIN_SELF = YES;
				CLANG_WARN_OBJC_LITERAL_CONVERSION = YES;
				CLANG_WARN_OBJC_ROOT_CLASS = YES_ERROR;
				CLANG_WARN_QUOTED_INCLUDE_IN_FRAMEWORK_HEADER = YES;
				CLANG_WARN_RANGE_LOOP_ANALYSIS = YES;
				CLANG_WARN_STRICT_PROTOTYPES = YES;
				CLANG_WARN_SUSPICIOUS_MOVE = YES;
				CLANG_WARN_UNGUARDED_AVAILABILITY = YES_AGGRESSIVE;
				CLANG_WARN_UNREACHABLE_CODE = YES;
				CLANG_WARN__DUPLICATE_METHOD_MATCH = YES;
				COPY_PHASE_STRIP = NO;
				DEBUG_INFORMATION_FORMAT = "dwarf-with-dsym";
				ENABLE_NS_ASSERTIONS = NO;
				ENABLE_STRICT_OBJC_MSGSEND = YES;
				GCC_C_LANGUAGE_STANDARD = gnu11;
				GCC_NO_COMMON_BLOCKS = YES;
				GCC_WARN_64_TO_32_BIT_CONVERSION = YES;
				GCC_WARN_ABOUT_RETURN_TYPE = YES_ERROR;
				GCC_WARN_UNDECLARED_SELECTOR = YES;
				GCC_WARN_UNINITIALIZED_AUTOS = YES_AGGRESSIVE;
				GCC_WARN_UNUSED_FUNCTION = YES;
				GCC_WARN_UNUSED_VARIABLE = YES;
				MACOSX_DEPLOYMENT_TARGET = 12.3;
				MTL_ENABLE_DEBUG_INFO = NO;
				MTL_FAST_MATH = YES;
				SDKROOT = macosx;
			};
			name = Release;
		};
		5E7FFA67294294F3009A5CDB /* Debug */ = {
			isa = XCBuildConfiguration;
			buildSettings = {
				CODE_SIGN_STYLE = Automatic;
				PRODUCT_NAME = "$(TARGET_NAME)";
			};
			name = Debug;
		};
		5E7FFA68294294F3009A5CDB /* Release */ = {
			isa = XCBuildConfiguration;
			buildSettings = {
				CODE_SIGN_STYLE = Automatic;
				PRODUCT_NAME = "$(TARGET_NAME)";
			};
			name = Release;
		};
/* End XCBuildConfiguration section */

/* Begin XCConfigurationList section */
		5E7FFA5A294294F3009A5CDB /* Build configuration list for PBXProject "TEA3_TriFusion" */ = {
			isa = XCConfigurationList;
			buildConfigurations = (
				5E7FFA64294294F3009A5CDB /* Debug */,
				5E7FFA65294294F3009A5CDB /* Release */,
			);
			defaultConfigurationIsVisible = 0;
			defaultConfigurationName = Release;
		};
		5E7FFA66294294F3009A5CDB /* Build configuration list for PBXNativeTarget "TEA3_TriFusion" */ = {
			isa = XCConfigurationList;
			buildConfigurations = (
				5E7FFA67294294F3009A5CDB /* Debug */,
				5E7FFA68294294F3009A5CDB /* Release */,
			);
			defaultConfigurationIsVisible = 0;
			defaultConfigurationName = Release;
		};
/* End XCConfigurationList section */
	};
	rootObject = 5E7FFA57294294F3009A5CDB /* Project object */;
}
